
Microsoft Visual Studio Solution File, Format Version 12.00
# Visual Studio Version 16
VisualStudioVersion = 16.0.31605.320
MinimumVisualStudioVersion = 10.0.40219.1
Project("{FAE04EC0-301F-11D3-BF4B-00C04F79EFBC}") = "ProductsApi", "ProductsApi\ProductsApi.csproj", "{459A7445-2993-472A-ACC3-1C87AE7AC56C}"
EndProject
Global
	GlobalSection(SolutionConfigurationPlatforms) = preSolution
		Debug|Any CPU = Debug|Any CPU
		Release|Any CPU = Release|Any CPU
	EndGlobalSection
	GlobalSection(ProjectConfigurationPlatforms) = postSolution
		{459A7445-2993-472A-ACC3-1C87AE7AC56C}.Debug|Any CPU.ActiveCfg = Debug|Any CPU
		{459A7445-2993-472A-ACC3-1C87AE7AC56C}.Debug|Any CPU.Build.0 = Debug|Any CPU
		{459A7445-2993-472A-ACC3-1C87AE7AC56C}.Release|Any CPU.ActiveCfg = Release|Any CPU
		{459A7445-2993-472A-ACC3-1C87AE7AC56C}.Release|Any CPU.Build.0 = Release|Any CPU
	EndGlobalSection
	GlobalSection(SolutionProperties) = preSolution
		HideSolutionNode = FALSE
	EndGlobalSection
	GlobalSection(ExtensibilityGlobals) = postSolution
		SolutionGuid = {C375E9CD-ED5C-49EA-8644-736A9F62A140}
	EndGlobalSection
EndGlobal
